
Microsoft Visual Studio Solution File, Format Version 12.00
# Visual Studio Version 17
VisualStudioVersion = 17.3.32804.467
MinimumVisualStudioVersion = 10.0.40219.1
Project("{9A19103F-16F7-4668-BE54-9A1E7A4F7556}") = "FitnessWebApi", "FitnessWebApi\FitnessWebApi.csproj", "{8BB7F3E9-7BA8-461E-9AB2-EBA54887A50F}"
EndProject
Project("{2150E333-8FDC-42A3-9474-1A3956D46DE8}") = "Data", "Data", "{48824313-D5C9-46DF-8EEA-FA0293450DF8}"
EndProject
Project("{2150E333-8FDC-42A3-9474-1A3956D46DE8}") = "Services", "Services", "{64C2FDA1-0010-4798-A140-0CA9A1929F4D}"
EndProject
Project("{2150E333-8FDC-42A3-9474-1A3956D46DE8}") = "ViewModels", "ViewModels", "{2EC2E2B2-0243-47D4-86C2-BA53B5BBBD7C}"
EndProject
Project("{2150E333-8FDC-42A3-9474-1A3956D46DE8}") = "InputModels", "InputModels", "{355B6D26-AC52-4D7F-93A5-BCF14D63FD05}"
EndProject
Project("{9A19103F-16F7-4668-BE54-9A1E7A4F7556}") = "FitnessWebApi.Data", "Data\FitnessWebApi.Data\FitnessWebApi.Data.csproj", "{B5BF9DBF-7844-4E04-95E7-EEDBE9A4795A}"
EndProject
Project("{9A19103F-16F7-4668-BE54-9A1E7A4F7556}") = "FitnessWebApi.Data.Common", "Data\FitnessWebApi.Data.Common\FitnessWebApi.Data.Common.csproj", "{4D02A6A7-E5A0-40C8-B509-E5D75CA1301F}"
EndProject
Project("{9A19103F-16F7-4668-BE54-9A1E7A4F7556}") = "FitnessWebApi.Data.Models", "Data\FitnessWebApi.Data.Models\FitnessWebApi.Data.Models.csproj", "{FDBBDF0C-ED11-4719-B95F-05F4EEC4103D}"
EndProject
Project("{9A19103F-16F7-4668-BE54-9A1E7A4F7556}") = "FitnessWebApi.Data.Seeder", "Data\FitnessWebApi.Data.Seeder\FitnessWebApi.Data.Seeder.csproj", "{8604839B-DFDF-4893-BBCD-C301DBFEDDD1}"
EndProject
Project("{9A19103F-16F7-4668-BE54-9A1E7A4F7556}") = "FitnessWebApi.InputModels", "InputModels\FitnessWebApi.InputModels\FitnessWebApi.InputModels.csproj", "{FA07F641-D8A0-4736-B949-7A8F671DC969}"
EndProject
Project("{9A19103F-16F7-4668-BE54-9A1E7A4F7556}") = "FitnessWebApi.ViewModels.Api", "ViewModels\FitnessWebApi.ViewModels.Api\FitnessWebApi.ViewModels.Api.csproj", "{4266D3F9-6823-4513-B288-934C087F3E85}"
EndProject
Project("{9A19103F-16F7-4668-BE54-9A1E7A4F7556}") = "FitnessWebApi.Services.Data", "Services\FitnessWebApi.Services.Data\FitnessWebApi.Services.Data.csproj", "{2A598F4A-F742-4894-B607-53819F8801F1}"
EndProject
Project("{9A19103F-16F7-4668-BE54-9A1E7A4F7556}") = "FitnessWebApi.Services.Mappings", "Services\FitnessWebApi.Services.Mappings\FitnessWebApi.Services.Mappings.csproj", "{AF3EC903-0775-40C4-98AF-147087B429AE}"
EndProject
Project("{FAE04EC0-301F-11D3-BF4B-00C04F79EFBC}") = "FitnessApp.Web", "FitnessApp.Web\FitnessApp.Web.csproj", "{5062BBD5-1488-4318-854B-CF55CAA7A0A8}"
EndProject
Global
	GlobalSection(SolutionConfigurationPlatforms) = preSolution
		Debug|Any CPU = Debug|Any CPU
		Release|Any CPU = Release|Any CPU
	EndGlobalSection
	GlobalSection(ProjectConfigurationPlatforms) = postSolution
		{8BB7F3E9-7BA8-461E-9AB2-EBA54887A50F}.Debug|Any CPU.ActiveCfg = Debug|Any CPU
		{8BB7F3E9-7BA8-461E-9AB2-EBA54887A50F}.Debug|Any CPU.Build.0 = Debug|Any CPU
		{8BB7F3E9-7BA8-461E-9AB2-EBA54887A50F}.Release|Any CPU.ActiveCfg = Release|Any CPU
		{8BB7F3E9-7BA8-461E-9AB2-EBA54887A50F}.Release|Any CPU.Build.0 = Release|Any CPU
		{B5BF9DBF-7844-4E04-95E7-EEDBE9A4795A}.Debug|Any CPU.ActiveCfg = Debug|Any CPU
		{B5BF9DBF-7844-4E04-95E7-EEDBE9A4795A}.Debug|Any CPU.Build.0 = Debug|Any CPU
		{B5BF9DBF-7844-4E04-95E7-EEDBE9A4795A}.Release|Any CPU.ActiveCfg = Release|Any CPU
		{B5BF9DBF-7844-4E04-95E7-EEDBE9A4795A}.Release|Any CPU.Build.0 = Release|Any CPU
		{4D02A6A7-E5A0-40C8-B509-E5D75CA1301F}.Debug|Any CPU.ActiveCfg = Debug|Any CPU
		{4D02A6A7-E5A0-40C8-B509-E5D75CA1301F}.Debug|Any CPU.Build.0 = Debug|Any CPU
		{4D02A6A7-E5A0-40C8-B509-E5D75CA1301F}.Release|Any CPU.ActiveCfg = Release|Any CPU
		{4D02A6A7-E5A0-40C8-B509-E5D75CA1301F}.Release|Any CPU.Build.0 = Release|Any CPU
		{FDBBDF0C-ED11-4719-B95F-05F4EEC4103D}.Debug|Any CPU.ActiveCfg = Debug|Any CPU
		{FDBBDF0C-ED11-4719-B95F-05F4EEC4103D}.Debug|Any CPU.Build.0 = Debug|Any CPU
		{FDBBDF0C-ED11-4719-B95F-05F4EEC4103D}.Release|Any CPU.ActiveCfg = Release|Any CPU
		{FDBBDF0C-ED11-4719-B95F-05F4EEC4103D}.Release|Any CPU.Build.0 = Release|Any CPU
		{8604839B-DFDF-4893-BBCD-C301DBFEDDD1}.Debug|Any CPU.ActiveCfg = Debug|Any CPU
		{8604839B-DFDF-4893-BBCD-C301DBFEDDD1}.Debug|Any CPU.Build.0 = Debug|Any CPU
		{8604839B-DFDF-4893-BBCD-C301DBFEDDD1}.Release|Any CPU.ActiveCfg = Release|Any CPU
		{8604839B-DFDF-4893-BBCD-C301DBFEDDD1}.Release|Any CPU.Build.0 = Release|Any CPU
		{FA07F641-D8A0-4736-B949-7A8F671DC969}.Debug|Any CPU.ActiveCfg = Debug|Any CPU
		{FA07F641-D8A0-4736-B949-7A8F671DC969}.Debug|Any CPU.Build.0 = Debug|Any CPU
		{FA07F641-D8A0-4736-B949-7A8F671DC969}.Release|Any CPU.ActiveCfg = Release|Any CPU
		{FA07F641-D8A0-4736-B949-7A8F671DC969}.Release|Any CPU.Build.0 = Release|Any CPU
		{4266D3F9-6823-4513-B288-934C087F3E85}.Debug|Any CPU.ActiveCfg = Debug|Any CPU
		{4266D3F9-6823-4513-B288-934C087F3E85}.Debug|Any CPU.Build.0 = Debug|Any CPU
		{4266D3F9-6823-4513-B288-934C087F3E85}.Release|Any CPU.ActiveCfg = Release|Any CPU
		{4266D3F9-6823-4513-B288-934C087F3E85}.Release|Any CPU.Build.0 = Release|Any CPU
		{2A598F4A-F742-4894-B607-53819F8801F1}.Debug|Any CPU.ActiveCfg = Debug|Any CPU
		{2A598F4A-F742-4894-B607-53819F8801F1}.Debug|Any CPU.Build.0 = Debug|Any CPU
		{2A598F4A-F742-4894-B607-53819F8801F1}.Release|Any CPU.ActiveCfg = Release|Any CPU
		{2A598F4A-F742-4894-B607-53819F8801F1}.Release|Any CPU.Build.0 = Release|Any CPU
		{AF3EC903-0775-40C4-98AF-147087B429AE}.Debug|Any CPU.ActiveCfg = Debug|Any CPU
		{AF3EC903-0775-40C4-98AF-147087B429AE}.Debug|Any CPU.Build.0 = Debug|Any CPU
		{AF3EC903-0775-40C4-98AF-147087B429AE}.Release|Any CPU.ActiveCfg = Release|Any CPU
		{AF3EC903-0775-40C4-98AF-147087B429AE}.Release|Any CPU.Build.0 = Release|Any CPU
		{5062BBD5-1488-4318-854B-CF55CAA7A0A8}.Debug|Any CPU.ActiveCfg = Debug|Any CPU
		{5062BBD5-1488-4318-854B-CF55CAA7A0A8}.Debug|Any CPU.Build.0 = Debug|Any CPU
		{5062BBD5-1488-4318-854B-CF55CAA7A0A8}.Release|Any CPU.ActiveCfg = Release|Any CPU
		{5062BBD5-1488-4318-854B-CF55CAA7A0A8}.Release|Any CPU.Build.0 = Release|Any CPU
	EndGlobalSection
	GlobalSection(SolutionProperties) = preSolution
		HideSolutionNode = FALSE
	EndGlobalSection
	GlobalSection(NestedProjects) = preSolution
		{B5BF9DBF-7844-4E04-95E7-EEDBE9A4795A} = {48824313-D5C9-46DF-8EEA-FA0293450DF8}
		{4D02A6A7-E5A0-40C8-B509-E5D75CA1301F} = {48824313-D5C9-46DF-8EEA-FA0293450DF8}
		{FDBBDF0C-ED11-4719-B95F-05F4EEC4103D} = {48824313-D5C9-46DF-8EEA-FA0293450DF8}
		{8604839B-DFDF-4893-BBCD-C301DBFEDDD1} = {48824313-D5C9-46DF-8EEA-FA0293450DF8}
		{FA07F641-D8A0-4736-B949-7A8F671DC969} = {355B6D26-AC52-4D7F-93A5-BCF14D63FD05}
		{4266D3F9-6823-4513-B288-934C087F3E85} = {2EC2E2B2-0243-47D4-86C2-BA53B5BBBD7C}
		{2A598F4A-F742-4894-B607-53819F8801F1} = {64C2FDA1-0010-4798-A140-0CA9A1929F4D}
		{AF3EC903-0775-40C4-98AF-147087B429AE} = {64C2FDA1-0010-4798-A140-0CA9A1929F4D}
	EndGlobalSection
	GlobalSection(ExtensibilityGlobals) = postSolution
		SolutionGuid = {56D56326-CB56-4ECB-B0A2-7DB3373E566E}
	EndGlobalSection
EndGlobal
